
Microsoft Visual Studio Solution File, Format Version 12.00
# Visual Studio Version 17
VisualStudioVersion = 17.12.35728.132
MinimumVisualStudioVersion = 10.0.40219.1
Project("{FAE04EC0-301F-11D3-BF4B-00C04F79EFBC}") = "BIMVision-IfcIsolator", "Example\BIMVision-IfcIsolator.csproj", "{362E40F4-4A37-48B3-A7A5-93E5535A9B22}"
EndProject
Global
	GlobalSection(SolutionConfigurationPlatforms) = preSolution
		Debug|x64 = Debug|x64
		Debug|x86 = Debug|x86
		Release|x64 = Release|x64
		Release|x86 = Release|x86
	EndGlobalSection
	GlobalSection(ProjectConfigurationPlatforms) = postSolution
		{362E40F4-4A37-48B3-A7A5-93E5535A9B22}.Debug|x64.ActiveCfg = Debug|x64
		{362E40F4-4A37-48B3-A7A5-93E5535A9B22}.Debug|x64.Build.0 = Debug|x64
		{362E40F4-4A37-48B3-A7A5-93E5535A9B22}.Debug|x86.ActiveCfg = Debug|x86
		{362E40F4-4A37-48B3-A7A5-93E5535A9B22}.Debug|x86.Build.0 = Debug|x86
		{362E40F4-4A37-48B3-A7A5-93E5535A9B22}.Release|x64.ActiveCfg = Release|x64
		{362E40F4-4A37-48B3-A7A5-93E5535A9B22}.Release|x64.Build.0 = Release|x64
		{362E40F4-4A37-48B3-A7A5-93E5535A9B22}.Release|x86.ActiveCfg = Release|x86
		{362E40F4-4A37-48B3-A7A5-93E5535A9B22}.Release|x86.Build.0 = Release|x86
	EndGlobalSection
	GlobalSection(SolutionProperties) = preSolution
		HideSolutionNode = FALSE
	EndGlobalSection
	GlobalSection(ExtensibilityGlobals) = postSolution
		SolutionGuid = {132E1991-37C9-4986-9BA3-3D8E6F98E5F8}
	EndGlobalSection
EndGlobal
